
Microsoft Visual Studio Solution File, Format Version 12.00
Project("{FAE04EC0-301F-11D3-BF4B-00C04F79EFBC}") = "EventAssos.Api", "EventAssos.Api\EventAssos.Api.csproj", "{2CAEC2F4-48B6-41FC-BDF2-A981A02A62BE}"
EndProject
Project("{FAE04EC0-301F-11D3-BF4B-00C04F79EFBC}") = "EventAssos.Core", "EventAssos.Core\EventAssos.Core.csproj", "{9C4332F8-B833-4EE6-838F-9CE324B9DADE}"
EndProject
Project("{FAE04EC0-301F-11D3-BF4B-00C04F79EFBC}") = "EventAssos.Domain", "EventAssos.Domain\EventAssos.Domain.csproj", "{D747CD06-EA69-4A41-84CE-247F60772933}"
EndProject
Project("{FAE04EC0-301F-11D3-BF4B-00C04F79EFBC}") = "EventAssos.Infrastructure", "EventAssos.Infrastructure\EventAssos.Infrastructure.csproj", "{D1FDCD1F-8E60-4BAA-8A33-2C501C91EE30}"
EndProject
Project("{FAE04EC0-301F-11D3-BF4B-00C04F79EFBC}") = "EventAssos.Tests", "EventAssos.Tests\EventAssos.Tests.csproj", "{77FE1B37-2CF3-40E4-82FB-1962F7475FE0}"
EndProject
Global
	GlobalSection(SolutionConfigurationPlatforms) = preSolution
		Debug|Any CPU = Debug|Any CPU
		Release|Any CPU = Release|Any CPU
	EndGlobalSection
	GlobalSection(ProjectConfigurationPlatforms) = postSolution
		{2CAEC2F4-48B6-41FC-BDF2-A981A02A62BE}.Debug|Any CPU.ActiveCfg = Debug|Any CPU
		{2CAEC2F4-48B6-41FC-BDF2-A981A02A62BE}.Debug|Any CPU.Build.0 = Debug|Any CPU
		{2CAEC2F4-48B6-41FC-BDF2-A981A02A62BE}.Release|Any CPU.ActiveCfg = Release|Any CPU
		{2CAEC2F4-48B6-41FC-BDF2-A981A02A62BE}.Release|Any CPU.Build.0 = Release|Any CPU
		{9C4332F8-B833-4EE6-838F-9CE324B9DADE}.Debug|Any CPU.ActiveCfg = Debug|Any CPU
		{9C4332F8-B833-4EE6-838F-9CE324B9DADE}.Debug|Any CPU.Build.0 = Debug|Any CPU
		{9C4332F8-B833-4EE6-838F-9CE324B9DADE}.Release|Any CPU.ActiveCfg = Release|Any CPU
		{9C4332F8-B833-4EE6-838F-9CE324B9DADE}.Release|Any CPU.Build.0 = Release|Any CPU
		{D747CD06-EA69-4A41-84CE-247F60772933}.Debug|Any CPU.ActiveCfg = Debug|Any CPU
		{D747CD06-EA69-4A41-84CE-247F60772933}.Debug|Any CPU.Build.0 = Debug|Any CPU
		{D747CD06-EA69-4A41-84CE-247F60772933}.Release|Any CPU.ActiveCfg = Release|Any CPU
		{D747CD06-EA69-4A41-84CE-247F60772933}.Release|Any CPU.Build.0 = Release|Any CPU
		{D1FDCD1F-8E60-4BAA-8A33-2C501C91EE30}.Debug|Any CPU.ActiveCfg = Debug|Any CPU
		{D1FDCD1F-8E60-4BAA-8A33-2C501C91EE30}.Debug|Any CPU.Build.0 = Debug|Any CPU
		{D1FDCD1F-8E60-4BAA-8A33-2C501C91EE30}.Release|Any CPU.ActiveCfg = Release|Any CPU
		{D1FDCD1F-8E60-4BAA-8A33-2C501C91EE30}.Release|Any CPU.Build.0 = Release|Any CPU
		{77FE1B37-2CF3-40E4-82FB-1962F7475FE0}.Debug|Any CPU.ActiveCfg = Debug|Any CPU
		{77FE1B37-2CF3-40E4-82FB-1962F7475FE0}.Debug|Any CPU.Build.0 = Debug|Any CPU
		{77FE1B37-2CF3-40E4-82FB-1962F7475FE0}.Release|Any CPU.ActiveCfg = Release|Any CPU
		{77FE1B37-2CF3-40E4-82FB-1962F7475FE0}.Release|Any CPU.Build.0 = Release|Any CPU
	EndGlobalSection
EndGlobal
